
Microsoft Visual Studio Solution File, Format Version 12.00
# Visual Studio Version 17
VisualStudioVersion = 17.9.34607.119
MinimumVisualStudioVersion = 10.0.40219.1
Project("{9A19103F-16F7-4668-BE54-9A1E7A4F7556}") = "Comandos", "Comandos.csproj", "{18B6B816-AA06-48B4-8FE6-B50314646807}"
EndProject
Project("{FAE04EC0-301F-11D3-BF4B-00C04F79EFBC}") = "LineaComando.EventDriven", "..\LineaComando.EventDriven\LineaComando.EventDriven.csproj", "{ECB56A9D-8393-4604-8018-1498B3F86BDE}"
EndProject
Project("{FAE04EC0-301F-11D3-BF4B-00C04F79EFBC}") = "LineaComando.Cola", "..\LineaComando.Cola\LineaComando.Cola.csproj", "{6AD53E3E-201B-453E-9445-B6F5E05EBE0B}"
EndProject
Project("{FAE04EC0-301F-11D3-BF4B-00C04F79EFBC}") = "ComandosColaTest", "..\Test\ComandosColaTest\ComandosColaTest.csproj", "{90095663-A264-4563-95E3-A6AE466804A2}"
EndProject
Project("{FAE04EC0-301F-11D3-BF4B-00C04F79EFBC}") = "ComandosTest", "..\Test\ComandosTest\ComandosTest.csproj", "{EACAD789-C7AC-44E6-A304-4C1E73592982}"
EndProject
Project("{FAE04EC0-301F-11D3-BF4B-00C04F79EFBC}") = "EventDrivenTest", "..\Test\EventDrivenTest\EventDrivenTest.csproj", "{48B4F8FF-9982-4BCA-AD0E-D73807AE0699}"
EndProject
Project("{FAE04EC0-301F-11D3-BF4B-00C04F79EFBC}") = "LineaComando.Builder", "..\LineaComando.Builder\LineaComando.Builder.csproj", "{B387DAB3-D0E6-487A-A889-3A411748826F}"
EndProject
Global
	GlobalSection(SolutionConfigurationPlatforms) = preSolution
		Debug|Any CPU = Debug|Any CPU
		Debug|x64 = Debug|x64
		Debug|x86 = Debug|x86
		Release|Any CPU = Release|Any CPU
		Release|x64 = Release|x64
		Release|x86 = Release|x86
	EndGlobalSection
	GlobalSection(ProjectConfigurationPlatforms) = postSolution
		{18B6B816-AA06-48B4-8FE6-B50314646807}.Debug|Any CPU.ActiveCfg = Debug|Any CPU
		{18B6B816-AA06-48B4-8FE6-B50314646807}.Debug|Any CPU.Build.0 = Debug|Any CPU
		{18B6B816-AA06-48B4-8FE6-B50314646807}.Debug|x64.ActiveCfg = Debug|Any CPU
		{18B6B816-AA06-48B4-8FE6-B50314646807}.Debug|x64.Build.0 = Debug|Any CPU
		{18B6B816-AA06-48B4-8FE6-B50314646807}.Debug|x86.ActiveCfg = Debug|Any CPU
		{18B6B816-AA06-48B4-8FE6-B50314646807}.Debug|x86.Build.0 = Debug|Any CPU
		{18B6B816-AA06-48B4-8FE6-B50314646807}.Release|Any CPU.ActiveCfg = Release|Any CPU
		{18B6B816-AA06-48B4-8FE6-B50314646807}.Release|Any CPU.Build.0 = Release|Any CPU
		{18B6B816-AA06-48B4-8FE6-B50314646807}.Release|x64.ActiveCfg = Release|Any CPU
		{18B6B816-AA06-48B4-8FE6-B50314646807}.Release|x64.Build.0 = Release|Any CPU
		{18B6B816-AA06-48B4-8FE6-B50314646807}.Release|x86.ActiveCfg = Release|Any CPU
		{18B6B816-AA06-48B4-8FE6-B50314646807}.Release|x86.Build.0 = Release|Any CPU
		{ECB56A9D-8393-4604-8018-1498B3F86BDE}.Debug|Any CPU.ActiveCfg = Debug|Any CPU
		{ECB56A9D-8393-4604-8018-1498B3F86BDE}.Debug|Any CPU.Build.0 = Debug|Any CPU
		{ECB56A9D-8393-4604-8018-1498B3F86BDE}.Debug|x64.ActiveCfg = Debug|Any CPU
		{ECB56A9D-8393-4604-8018-1498B3F86BDE}.Debug|x64.Build.0 = Debug|Any CPU
		{ECB56A9D-8393-4604-8018-1498B3F86BDE}.Debug|x86.ActiveCfg = Debug|Any CPU
		{ECB56A9D-8393-4604-8018-1498B3F86BDE}.Debug|x86.Build.0 = Debug|Any CPU
		{ECB56A9D-8393-4604-8018-1498B3F86BDE}.Release|Any CPU.ActiveCfg = Release|Any CPU
		{ECB56A9D-8393-4604-8018-1498B3F86BDE}.Release|Any CPU.Build.0 = Release|Any CPU
		{ECB56A9D-8393-4604-8018-1498B3F86BDE}.Release|x64.ActiveCfg = Release|Any CPU
		{ECB56A9D-8393-4604-8018-1498B3F86BDE}.Release|x64.Build.0 = Release|Any CPU
		{ECB56A9D-8393-4604-8018-1498B3F86BDE}.Release|x86.ActiveCfg = Release|Any CPU
		{ECB56A9D-8393-4604-8018-1498B3F86BDE}.Release|x86.Build.0 = Release|Any CPU
		{6AD53E3E-201B-453E-9445-B6F5E05EBE0B}.Debug|Any CPU.ActiveCfg = Debug|Any CPU
		{6AD53E3E-201B-453E-9445-B6F5E05EBE0B}.Debug|Any CPU.Build.0 = Debug|Any CPU
		{6AD53E3E-201B-453E-9445-B6F5E05EBE0B}.Debug|x64.ActiveCfg = Debug|Any CPU
		{6AD53E3E-201B-453E-9445-B6F5E05EBE0B}.Debug|x64.Build.0 = Debug|Any CPU
		{6AD53E3E-201B-453E-9445-B6F5E05EBE0B}.Debug|x86.ActiveCfg = Debug|Any CPU
		{6AD53E3E-201B-453E-9445-B6F5E05EBE0B}.Debug|x86.Build.0 = Debug|Any CPU
		{6AD53E3E-201B-453E-9445-B6F5E05EBE0B}.Release|Any CPU.ActiveCfg = Release|Any CPU
		{6AD53E3E-201B-453E-9445-B6F5E05EBE0B}.Release|Any CPU.Build.0 = Release|Any CPU
		{6AD53E3E-201B-453E-9445-B6F5E05EBE0B}.Release|x64.ActiveCfg = Release|Any CPU
		{6AD53E3E-201B-453E-9445-B6F5E05EBE0B}.Release|x64.Build.0 = Release|Any CPU
		{6AD53E3E-201B-453E-9445-B6F5E05EBE0B}.Release|x86.ActiveCfg = Release|Any CPU
		{6AD53E3E-201B-453E-9445-B6F5E05EBE0B}.Release|x86.Build.0 = Release|Any CPU
		{90095663-A264-4563-95E3-A6AE466804A2}.Debug|Any CPU.ActiveCfg = Debug|Any CPU
		{90095663-A264-4563-95E3-A6AE466804A2}.Debug|Any CPU.Build.0 = Debug|Any CPU
		{90095663-A264-4563-95E3-A6AE466804A2}.Debug|x64.ActiveCfg = Debug|Any CPU
		{90095663-A264-4563-95E3-A6AE466804A2}.Debug|x64.Build.0 = Debug|Any CPU
		{90095663-A264-4563-95E3-A6AE466804A2}.Debug|x86.ActiveCfg = Debug|Any CPU
		{90095663-A264-4563-95E3-A6AE466804A2}.Debug|x86.Build.0 = Debug|Any CPU
		{90095663-A264-4563-95E3-A6AE466804A2}.Release|Any CPU.ActiveCfg = Release|Any CPU
		{90095663-A264-4563-95E3-A6AE466804A2}.Release|Any CPU.Build.0 = Release|Any CPU
		{90095663-A264-4563-95E3-A6AE466804A2}.Release|x64.ActiveCfg = Release|Any CPU
		{90095663-A264-4563-95E3-A6AE466804A2}.Release|x64.Build.0 = Release|Any CPU
		{90095663-A264-4563-95E3-A6AE466804A2}.Release|x86.ActiveCfg = Release|Any CPU
		{90095663-A264-4563-95E3-A6AE466804A2}.Release|x86.Build.0 = Release|Any CPU
		{EACAD789-C7AC-44E6-A304-4C1E73592982}.Debug|Any CPU.ActiveCfg = Debug|Any CPU
		{EACAD789-C7AC-44E6-A304-4C1E73592982}.Debug|Any CPU.Build.0 = Debug|Any CPU
		{EACAD789-C7AC-44E6-A304-4C1E73592982}.Debug|x64.ActiveCfg = Debug|Any CPU
		{EACAD789-C7AC-44E6-A304-4C1E73592982}.Debug|x64.Build.0 = Debug|Any CPU
		{EACAD789-C7AC-44E6-A304-4C1E73592982}.Debug|x86.ActiveCfg = Debug|Any CPU
		{EACAD789-C7AC-44E6-A304-4C1E73592982}.Debug|x86.Build.0 = Debug|Any CPU
		{EACAD789-C7AC-44E6-A304-4C1E73592982}.Release|Any CPU.ActiveCfg = Release|Any CPU
		{EACAD789-C7AC-44E6-A304-4C1E73592982}.Release|Any CPU.Build.0 = Release|Any CPU
		{EACAD789-C7AC-44E6-A304-4C1E73592982}.Release|x64.ActiveCfg = Release|Any CPU
		{EACAD789-C7AC-44E6-A304-4C1E73592982}.Release|x64.Build.0 = Release|Any CPU
		{EACAD789-C7AC-44E6-A304-4C1E73592982}.Release|x86.ActiveCfg = Release|Any CPU
		{EACAD789-C7AC-44E6-A304-4C1E73592982}.Release|x86.Build.0 = Release|Any CPU
		{48B4F8FF-9982-4BCA-AD0E-D73807AE0699}.Debug|Any CPU.ActiveCfg = Debug|Any CPU
		{48B4F8FF-9982-4BCA-AD0E-D73807AE0699}.Debug|Any CPU.Build.0 = Debug|Any CPU
		{48B4F8FF-9982-4BCA-AD0E-D73807AE0699}.Debug|x64.ActiveCfg = Debug|Any CPU
		{48B4F8FF-9982-4BCA-AD0E-D73807AE0699}.Debug|x64.Build.0 = Debug|Any CPU
		{48B4F8FF-9982-4BCA-AD0E-D73807AE0699}.Debug|x86.ActiveCfg = Debug|Any CPU
		{48B4F8FF-9982-4BCA-AD0E-D73807AE0699}.Debug|x86.Build.0 = Debug|Any CPU
		{48B4F8FF-9982-4BCA-AD0E-D73807AE0699}.Release|Any CPU.ActiveCfg = Release|Any CPU
		{48B4F8FF-9982-4BCA-AD0E-D73807AE0699}.Release|Any CPU.Build.0 = Release|Any CPU
		{48B4F8FF-9982-4BCA-AD0E-D73807AE0699}.Release|x64.ActiveCfg = Release|Any CPU
		{48B4F8FF-9982-4BCA-AD0E-D73807AE0699}.Release|x64.Build.0 = Release|Any CPU
		{48B4F8FF-9982-4BCA-AD0E-D73807AE0699}.Release|x86.ActiveCfg = Release|Any CPU
		{48B4F8FF-9982-4BCA-AD0E-D73807AE0699}.Release|x86.Build.0 = Release|Any CPU
		{B387DAB3-D0E6-487A-A889-3A411748826F}.Debug|Any CPU.ActiveCfg = Debug|Any CPU
		{B387DAB3-D0E6-487A-A889-3A411748826F}.Debug|Any CPU.Build.0 = Debug|Any CPU
		{B387DAB3-D0E6-487A-A889-3A411748826F}.Debug|x64.ActiveCfg = Debug|Any CPU
		{B387DAB3-D0E6-487A-A889-3A411748826F}.Debug|x64.Build.0 = Debug|Any CPU
		{B387DAB3-D0E6-487A-A889-3A411748826F}.Debug|x86.ActiveCfg = Debug|Any CPU
		{B387DAB3-D0E6-487A-A889-3A411748826F}.Debug|x86.Build.0 = Debug|Any CPU
		{B387DAB3-D0E6-487A-A889-3A411748826F}.Release|Any CPU.ActiveCfg = Release|Any CPU
		{B387DAB3-D0E6-487A-A889-3A411748826F}.Release|Any CPU.Build.0 = Release|Any CPU
		{B387DAB3-D0E6-487A-A889-3A411748826F}.Release|x64.ActiveCfg = Release|Any CPU
		{B387DAB3-D0E6-487A-A889-3A411748826F}.Release|x64.Build.0 = Release|Any CPU
		{B387DAB3-D0E6-487A-A889-3A411748826F}.Release|x86.ActiveCfg = Release|Any CPU
		{B387DAB3-D0E6-487A-A889-3A411748826F}.Release|x86.Build.0 = Release|Any CPU
	EndGlobalSection
	GlobalSection(SolutionProperties) = preSolution
		HideSolutionNode = FALSE
	EndGlobalSection
	GlobalSection(ExtensibilityGlobals) = postSolution
		SolutionGuid = {E8CF40F4-37FB-485A-9EBF-53426027160C}
	EndGlobalSection
EndGlobal
